
Microsoft Visual Studio Solution File, Format Version 12.00
# Visual Studio Version 16
VisualStudioVersion = 16.0.29009.5
MinimumVisualStudioVersion = 10.0.40219.1
Project("{FAE04EC0-301F-11D3-BF4B-00C04F79EFBC}") = "TRMDataManager", "TRMDataManager\TRMDataManager.csproj", "{7B2C64A7-F370-4666-9574-A71E8495442D}"
EndProject
Project("{00D1A9C2-B5F0-4AF3-8072-F6C62B433612}") = "TRMData", "TRMData\TRMData.sqlproj", "{BD515004-1BEA-4B2F-A88A-2AB8E60C6ABC}"
EndProject
Global
	GlobalSection(SolutionConfigurationPlatforms) = preSolution
		Debug|Any CPU = Debug|Any CPU
		Release|Any CPU = Release|Any CPU
	EndGlobalSection
	GlobalSection(ProjectConfigurationPlatforms) = postSolution
		{7B2C64A7-F370-4666-9574-A71E8495442D}.Debug|Any CPU.ActiveCfg = Debug|Any CPU
		{7B2C64A7-F370-4666-9574-A71E8495442D}.Debug|Any CPU.Build.0 = Debug|Any CPU
		{7B2C64A7-F370-4666-9574-A71E8495442D}.Release|Any CPU.ActiveCfg = Release|Any CPU
		{7B2C64A7-F370-4666-9574-A71E8495442D}.Release|Any CPU.Build.0 = Release|Any CPU
		{BD515004-1BEA-4B2F-A88A-2AB8E60C6ABC}.Debug|Any CPU.ActiveCfg = Debug|Any CPU
		{BD515004-1BEA-4B2F-A88A-2AB8E60C6ABC}.Debug|Any CPU.Build.0 = Debug|Any CPU
		{BD515004-1BEA-4B2F-A88A-2AB8E60C6ABC}.Debug|Any CPU.Deploy.0 = Debug|Any CPU
		{BD515004-1BEA-4B2F-A88A-2AB8E60C6ABC}.Release|Any CPU.ActiveCfg = Release|Any CPU
		{BD515004-1BEA-4B2F-A88A-2AB8E60C6ABC}.Release|Any CPU.Build.0 = Release|Any CPU
		{BD515004-1BEA-4B2F-A88A-2AB8E60C6ABC}.Release|Any CPU.Deploy.0 = Release|Any CPU
	EndGlobalSection
	GlobalSection(SolutionProperties) = preSolution
		HideSolutionNode = FALSE
	EndGlobalSection
	GlobalSection(ExtensibilityGlobals) = postSolution
		SolutionGuid = {6253287B-62AD-45DA-B4E7-6224BD29AA41}
	EndGlobalSection
EndGlobal
